// !$*UTF8*$!
{
	archiveVersion = 1;
	classes = {
	};
	objectVersion = 46;
	objects = {

/* Begin PBXBuildFile section */
		5D149240192DB9660036FE5C /* Jupiter core 2.jpg in Resources */ = {isa = PBXBuildFile; fileRef = 5D14923C192DB9660036FE5C /* Jupiter core 2.jpg */; };
		5D149241192DB9660036FE5C /* mercury-image.jpg in Resources */ = {isa = PBXBuildFile; fileRef = 5D14923D192DB9660036FE5C /* mercury-image.jpg */; };
		5D149242192DB9660036FE5C /* neptune.jpg in Resources */ = {isa = PBXBuildFile; fileRef = 5D14923E192DB9660036FE5C /* neptune.jpg */; };
		5D149243192DB9660036FE5C /* Pluto_Design-the-Planet.jpg in Resources */ = {isa = PBXBuildFile; fileRef = 5D14923F192DB9660036FE5C /* Pluto_Design-the-Planet.jpg */; };
		5D149245192DB97B0036FE5C /* Earth.png in Resources */ = {isa = PBXBuildFile; fileRef = 5D149244192DB97B0036FE5C /* Earth.png */; };
		5D149249192DB98D0036FE5C /* uranus_photo.jpg in Resources */ = {isa = PBXBuildFile; fileRef = 5D149246192DB98D0036FE5C /* uranus_photo.jpg */; };
		5D14924A192DB98D0036FE5C /* venus_magellan.jpg in Resources */ = {isa = PBXBuildFile; fileRef = 5D149247192DB98D0036FE5C /* venus_magellan.jpg */; };
		5D14924B192DB98D0036FE5C /* Water_ice_clouds_hanging_above_Tharsis_PIA02653_black_background.jpg in Resources */ = {isa = PBXBuildFile; fileRef = 5D149248192DB98D0036FE5C /* Water_ice_clouds_hanging_above_Tharsis_PIA02653_black_background.jpg */; };
		5D14924D192DB9CE0036FE5C /* Saturn.jpg in Resources */ = {isa = PBXBuildFile; fileRef = 5D14924C192DB9CE0036FE5C /* Saturn.jpg */; };
		5D149250192DBA280036FE5C /* OTWObject.m in Sources */ = {isa = PBXBuildFile; fileRef = 5D14924F192DBA280036FE5C /* OTWObject.m */; };
		5D72C1641927D9E200A6402A /* Foundation.framework in Frameworks */ = {isa = PBXBuildFile; fileRef = 5D72C1631927D9E200A6402A /* Foundation.framework */; };
		5D72C1661927D9E200A6402A /* CoreGraphics.framework in Frameworks */ = {isa = PBXBuildFile; fileRef = 5D72C1651927D9E200A6402A /* CoreGraphics.framework */; };
		5D72C1681927D9E200A6402A /* UIKit.framework in Frameworks */ = {isa = PBXBuildFile; fileRef = 5D72C1671927D9E200A6402A /* UIKit.framework */; };
		5D72C16E1927D9E200A6402A /* InfoPlist.strings in Resources */ = {isa = PBXBuildFile; fileRef = 5D72C16C1927D9E200A6402A /* InfoPlist.strings */; };
		5D72C1701927D9E200A6402A /* main.m in Sources */ = {isa = PBXBuildFile; fileRef = 5D72C16F1927D9E200A6402A /* main.m */; };
		5D72C1741927D9E200A6402A /* OTWAppDelegate.m in Sources */ = {isa = PBXBuildFile; fileRef = 5D72C1731927D9E200A6402A /* OTWAppDelegate.m */; };
		5D72C1771927D9E200A6402A /* Main_iPhone.storyboard in Resources */ = {isa = PBXBuildFile; fileRef = 5D72C1751927D9E200A6402A /* Main_iPhone.storyboard */; };
		5D72C17A1927D9E200A6402A /* Main_iPad.storyboard in Resources */ = {isa = PBXBuildFile; fileRef = 5D72C1781927D9E200A6402A /* Main_iPad.storyboard */; };
		5D72C17F1927D9E200A6402A /* Images.xcassets in Resources */ = {isa = PBXBuildFile; fileRef = 5D72C17E1927D9E200A6402A /* Images.xcassets */; };
		5D72C1861927D9E200A6402A /* XCTest.framework in Frameworks */ = {isa = PBXBuildFile; fileRef = 5D72C1851927D9E200A6402A /* XCTest.framework */; };
		5D72C1871927D9E200A6402A /* Foundation.framework in Frameworks */ = {isa = PBXBuildFile; fileRef = 5D72C1631927D9E200A6402A /* Foundation.framework */; };
		5D72C1881927D9E200A6402A /* UIKit.framework in Frameworks */ = {isa = PBXBuildFile; fileRef = 5D72C1671927D9E200A6402A /* UIKit.framework */; };
		5D72C1901927D9E200A6402A /* InfoPlist.strings in Resources */ = {isa = PBXBuildFile; fileRef = 5D72C18E1927D9E200A6402A /* InfoPlist.strings */; };
		5D72C1921927D9E200A6402A /* Out_of_This_WorldTests.m in Sources */ = {isa = PBXBuildFile; fileRef = 5D72C1911927D9E200A6402A /* Out_of_This_WorldTests.m */; };
		5D72C19D1927DAB200A6402A /* OTWOuterSpaceViewController.m in Sources */ = {isa = PBXBuildFile; fileRef = 5D72C19C1927DAB200A6402A /* OTWOuterSpaceViewController.m */; };
		5DE0E08E192B16460087EC14 /* AstronomicalData.m in Sources */ = {isa = PBXBuildFile; fileRef = 5DE0E08D192B16460087EC14 /* AstronomicalData.m */; };
/* End PBXBuildFile section */

/* Begin PBXContainerItemProxy section */
		5D72C1891927D9E200A6402A /* PBXContainerItemProxy */ = {
			isa = PBXContainerItemProxy;
			containerPortal = 5D72C1581927D9E200A6402A /* Project object */;
			proxyType = 1;
			remoteGlobalIDString = 5D72C15F1927D9E200A6402A;
			remoteInfo = "Out of This World";
		};
/* End PBXContainerItemProxy section */

/* Begin PBXFileReference section */
		5D14923C192DB9660036FE5C /* Jupiter core 2.jpg */ = {isa = PBXFileReference; lastKnownFileType = image.jpeg; path = "Jupiter core 2.jpg"; sourceTree = "<group>"; };
		5D14923D192DB9660036FE5C /* mercury-image.jpg */ = {isa = PBXFileReference; lastKnownFileType = image.jpeg; path = "mercury-image.jpg"; sourceTree = "<group>"; };
		5D14923E192DB9660036FE5C /* neptune.jpg */ = {isa = PBXFileReference; lastKnownFileType = image.jpeg; path = neptune.jpg; sourceTree = "<group>"; };
		5D14923F192DB9660036FE5C /* Pluto_Design-the-Planet.jpg */ = {isa = PBXFileReference; lastKnownFileType = image.jpeg; path = "Pluto_Design-the-Planet.jpg"; sourceTree = "<group>"; };
		5D149244192DB97B0036FE5C /* Earth.png */ = {isa = PBXFileReference; lastKnownFileType = image.png; path = Earth.png; sourceTree = "<group>"; };
		5D149246192DB98D0036FE5C /* uranus_photo.jpg */ = {isa = PBXFileReference; lastKnownFileType = image.jpeg; path = uranus_photo.jpg; sourceTree = "<group>"; };
		5D149247192DB98D0036FE5C /* venus_magellan.jpg */ = {isa = PBXFileReference; lastKnownFileType = image.jpeg; path = venus_magellan.jpg; sourceTree = "<group>"; };
		5D149248192DB98D0036FE5C /* Water_ice_clouds_hanging_above_Tharsis_PIA02653_black_background.jpg */ = {isa = PBXFileReference; lastKnownFileType = image.jpeg; path = Water_ice_clouds_hanging_above_Tharsis_PIA02653_black_background.jpg; sourceTree = "<group>"; };
		5D14924C192DB9CE0036FE5C /* Saturn.jpg */ = {isa = PBXFileReference; lastKnownFileType = image.jpeg; path = Saturn.jpg; sourceTree = "<group>"; };
		5D14924E192DBA280036FE5C /* OTWObject.h */ = {isa = PBXFileReference; fileEncoding = 4; lastKnownFileType = sourcecode.c.h; path = OTWObject.h; sourceTree = "<group>"; };
		5D14924F192DBA280036FE5C /* OTWObject.m */ = {isa = PBXFileReference; fileEncoding = 4; lastKnownFileType = sourcecode.c.objc; path = OTWObject.m; sourceTree = "<group>"; };
		5D72C1601927D9E200A6402A /* Out of This World.app */ = {isa = PBXFileReference; explicitFileType = wrapper.application; includeInIndex = 0; path = "Out of This World.app"; sourceTree = BUILT_PRODUCTS_DIR; };
		5D72C1631927D9E200A6402A /* Foundation.framework */ = {isa = PBXFileReference; lastKnownFileType = wrapper.framework; name = Foundation.framework; path = System/Library/Frameworks/Foundation.framework; sourceTree = SDKROOT; };
		5D72C1651927D9E200A6402A /* CoreGraphics.framework */ = {isa = PBXFileReference; lastKnownFileType = wrapper.framework; name = CoreGraphics.framework; path = System/Library/Frameworks/CoreGraphics.framework; sourceTree = SDKROOT; };
		5D72C1671927D9E200A6402A /* UIKit.framework */ = {isa = PBXFileReference; lastKnownFileType = wrapper.framework; name = UIKit.framework; path = System/Library/Frameworks/UIKit.framework; sourceTree = SDKROOT; };
		5D72C16B1927D9E200A6402A /* Out of This World-Info.plist */ = {isa = PBXFileReference; lastKnownFileType = text.plist.xml; path = "Out of This World-Info.plist"; sourceTree = "<group>"; };
		5D72C16D1927D9E200A6402A /* en */ = {isa = PBXFileReference; lastKnownFileType = text.plist.strings; name = en; path = en.lproj/InfoPlist.strings; sourceTree = "<group>"; };
		5D72C16F1927D9E200A6402A /* main.m */ = {isa = PBXFileReference; lastKnownFileType = sourcecode.c.objc; path = main.m; sourceTree = "<group>"; };
		5D72C1711927D9E200A6402A /* Out of This World-Prefix.pch */ = {isa = PBXFileReference; lastKnownFileType = sourcecode.c.h; path = "Out of This World-Prefix.pch"; sourceTree = "<group>"; };
		5D72C1721927D9E200A6402A /* OTWAppDelegate.h */ = {isa = PBXFileReference; lastKnownFileType = sourcecode.c.h; path = OTWAppDelegate.h; sourceTree = "<group>"; };
		5D72C1731927D9E200A6402A /* OTWAppDelegate.m */ = {isa = PBXFileReference; lastKnownFileType = sourcecode.c.objc; path = OTWAppDelegate.m; sourceTree = "<group>"; };
		5D72C1761927D9E200A6402A /* Base */ = {isa = PBXFileReference; lastKnownFileType = file.storyboard; name = Base; path = Base.lproj/Main_iPhone.storyboard; sourceTree = "<group>"; };
		5D72C1791927D9E200A6402A /* Base */ = {isa = PBXFileReference; lastKnownFileType = file.storyboard; name = Base; path = Base.lproj/Main_iPad.storyboard; sourceTree = "<group>"; };
		5D72C17E1927D9E200A6402A /* Images.xcassets */ = {isa = PBXFileReference; lastKnownFileType = folder.assetcatalog; path = Images.xcassets; sourceTree = "<group>"; };
		5D72C1841927D9E200A6402A /* Out of This WorldTests.xctest */ = {isa = PBXFileReference; explicitFileType = wrapper.cfbundle; includeInIndex = 0; path = "Out of This WorldTests.xctest"; sourceTree = BUILT_PRODUCTS_DIR; };
		5D72C1851927D9E200A6402A /* XCTest.framework */ = {isa = PBXFileReference; lastKnownFileType = wrapper.framework; name = XCTest.framework; path = Library/Frameworks/XCTest.framework; sourceTree = DEVELOPER_DIR; };
		5D72C18D1927D9E200A6402A /* Out of This WorldTests-Info.plist */ = {isa = PBXFileReference; lastKnownFileType = text.plist.xml; path = "Out of This WorldTests-Info.plist"; sourceTree = "<group>"; };
		5D72C18F1927D9E200A6402A /* en */ = {isa = PBXFileReference; lastKnownFileType = text.plist.strings; name = en; path = en.lproj/InfoPlist.strings; sourceTree = "<group>"; };
		5D72C1911927D9E200A6402A /* Out_of_This_WorldTests.m */ = {isa = PBXFileReference; lastKnownFileType = sourcecode.c.objc; path = Out_of_This_WorldTests.m; sourceTree = "<group>"; };
		5D72C19B1927DAB200A6402A /* OTWOuterSpaceViewController.h */ = {isa = PBXFileReference; fileEncoding = 4; lastKnownFileType = sourcecode.c.h; name = OTWOuterSpaceViewController.h; path = ../OTWOuterSpaceViewController.h; sourceTree = "<group>"; };
		5D72C19C1927DAB200A6402A /* OTWOuterSpaceViewController.m */ = {isa = PBXFileReference; fileEncoding = 4; lastKnownFileType = sourcecode.c.objc; name = OTWOuterSpaceViewController.m; path = ../OTWOuterSpaceViewController.m; sourceTree = "<group>"; };
		5DE0E08C192B16460087EC14 /* AstronomicalData.h */ = {isa = PBXFileReference; fileEncoding = 4; lastKnownFileType = sourcecode.c.h; path = AstronomicalData.h; sourceTree = "<group>"; };
		5DE0E08D192B16460087EC14 /* AstronomicalData.m */ = {isa = PBXFileReference; fileEncoding = 4; lastKnownFileType = sourcecode.c.objc; path = AstronomicalData.m; sourceTree = "<group>"; };
/* End PBXFileReference section */

/* Begin PBXFrameworksBuildPhase section */
		5D72C15D1927D9E200A6402A /* Frameworks */ = {
			isa = PBXFrameworksBuildPhase;
			buildActionMask = 2147483647;
			files = (
				5D72C1661927D9E200A6402A /* CoreGraphics.framework in Frameworks */,
				5D72C1681927D9E200A6402A /* UIKit.framework in Frameworks */,
				5D72C1641927D9E200A6402A /* Foundation.framework in Frameworks */,
			);
			runOnlyForDeploymentPostprocessing = 0;
		};
		5D72C1811927D9E200A6402A /* Frameworks */ = {
			isa = PBXFrameworksBuildPhase;
			buildActionMask = 2147483647;
			files = (
				5D72C1861927D9E200A6402A /* XCTest.framework in Frameworks */,
				5D72C1881927D9E200A6402A /* UIKit.framework in Frameworks */,
				5D72C1871927D9E200A6402A /* Foundation.framework in Frameworks */,
			);
			runOnlyForDeploymentPostprocessing = 0;
		};
/* End PBXFrameworksBuildPhase section */

/* Begin PBXGroup section */
		5D72C1571927D9E200A6402A = {
			isa = PBXGroup;
			children = (
				5D72C1691927D9E200A6402A /* Out of This World */,
				5D72C18B1927D9E200A6402A /* Out of This WorldTests */,
				5D72C1621927D9E200A6402A /* Frameworks */,
				5D72C1611927D9E200A6402A /* Products */,
			);
			sourceTree = "<group>";
		};
		5D72C1611927D9E200A6402A /* Products */ = {
			isa = PBXGroup;
			children = (
				5D72C1601927D9E200A6402A /* Out of This World.app */,
				5D72C1841927D9E200A6402A /* Out of This WorldTests.xctest */,
			);
			name = Products;
			sourceTree = "<group>";
		};
		5D72C1621927D9E200A6402A /* Frameworks */ = {
			isa = PBXGroup;
			children = (
				5D72C1631927D9E200A6402A /* Foundation.framework */,
				5D72C1651927D9E200A6402A /* CoreGraphics.framework */,
				5D72C1671927D9E200A6402A /* UIKit.framework */,
				5D72C1851927D9E200A6402A /* XCTest.framework */,
			);
			name = Frameworks;
			sourceTree = "<group>";
		};
		5D72C1691927D9E200A6402A /* Out of This World */ = {
			isa = PBXGroup;
			children = (
				5D72C1721927D9E200A6402A /* OTWAppDelegate.h */,
				5D72C1731927D9E200A6402A /* OTWAppDelegate.m */,
				5D72C1751927D9E200A6402A /* Main_iPhone.storyboard */,
				5D72C1781927D9E200A6402A /* Main_iPad.storyboard */,
				5D72C19B1927DAB200A6402A /* OTWOuterSpaceViewController.h */,
				5D72C19C1927DAB200A6402A /* OTWOuterSpaceViewController.m */,
				5D14924E192DBA280036FE5C /* OTWObject.h */,
				5D14924F192DBA280036FE5C /* OTWObject.m */,
				5D72C17E1927D9E200A6402A /* Images.xcassets */,
				5D72C16A1927D9E200A6402A /* Supporting Files */,
			);
			path = "Out of This World";
			sourceTree = "<group>";
		};
		5D72C16A1927D9E200A6402A /* Supporting Files */ = {
			isa = PBXGroup;
			children = (
				5D14923D192DB9660036FE5C /* mercury-image.jpg */,
				5D149247192DB98D0036FE5C /* venus_magellan.jpg */,
				5D149244192DB97B0036FE5C /* Earth.png */,
				5D149248192DB98D0036FE5C /* Water_ice_clouds_hanging_above_Tharsis_PIA02653_black_background.jpg */,
				5D14923C192DB9660036FE5C /* Jupiter core 2.jpg */,
				5D14924C192DB9CE0036FE5C /* Saturn.jpg */,
				5D149246192DB98D0036FE5C /* uranus_photo.jpg */,
				5D14923E192DB9660036FE5C /* neptune.jpg */,
				5D14923F192DB9660036FE5C /* Pluto_Design-the-Planet.jpg */,
				5DE0E08C192B16460087EC14 /* AstronomicalData.h */,
				5DE0E08D192B16460087EC14 /* AstronomicalData.m */,
				5D72C16B1927D9E200A6402A /* Out of This World-Info.plist */,
				5D72C16C1927D9E200A6402A /* InfoPlist.strings */,
				5D72C16F1927D9E200A6402A /* main.m */,
				5D72C1711927D9E200A6402A /* Out of This World-Prefix.pch */,
			);
			name = "Supporting Files";
			sourceTree = "<group>";
		};
		5D72C18B1927D9E200A6402A /* Out of This WorldTests */ = {
			isa = PBXGroup;
			children = (
				5D72C1911927D9E200A6402A /* Out_of_This_WorldTests.m */,
				5D72C18C1927D9E200A6402A /* Supporting Files */,
			);
			path = "Out of This WorldTests";
			sourceTree = "<group>";
		};
		5D72C18C1927D9E200A6402A /* Supporting Files */ = {
			isa = PBXGroup;
			children = (
				5D72C18D1927D9E200A6402A /* Out of This WorldTests-Info.plist */,
				5D72C18E1927D9E200A6402A /* InfoPlist.strings */,
			);
			name = "Supporting Files";
			sourceTree = "<group>";
		};
/* End PBXGroup section */

/* Begin PBXNativeTarget section */
		5D72C15F1927D9E200A6402A /* Out of This World */ = {
			isa = PBXNativeTarget;
			buildConfigurationList = 5D72C1951927D9E200A6402A /* Build configuration list for PBXNativeTarget "Out of This World" */;
			buildPhases = (
				5D72C15C1927D9E200A6402A /* Sources */,
				5D72C15D1927D9E200A6402A /* Frameworks */,
				5D72C15E1927D9E200A6402A /* Resources */,
			);
			buildRules = (
			);
			dependencies = (
			);
			name = "Out of This World";
			productName = "Out of This World";
			productReference = 5D72C1601927D9E200A6402A /* Out of This World.app */;
			productType = "com.apple.product-type.application";
		};
		5D72C1831927D9E200A6402A /* Out of This WorldTests */ = {
			isa = PBXNativeTarget;
			buildConfigurationList = 5D72C1981927D9E200A6402A /* Build configuration list for PBXNativeTarget "Out of This WorldTests" */;
			buildPhases = (
				5D72C1801927D9E200A6402A /* Sources */,
				5D72C1811927D9E200A6402A /* Frameworks */,
				5D72C1821927D9E200A6402A /* Resources */,
			);
			buildRules = (
			);
			dependencies = (
				5D72C18A1927D9E200A6402A /* PBXTargetDependency */,
			);
			name = "Out of This WorldTests";
			productName = "Out of This WorldTests";
			productReference = 5D72C1841927D9E200A6402A /* Out of This WorldTests.xctest */;
			productType = "com.apple.product-type.bundle.unit-test";
		};
/* End PBXNativeTarget section */

/* Begin PBXProject section */
		5D72C1581927D9E200A6402A /* Project object */ = {
			isa = PBXProject;
			attributes = {
				CLASSPREFIX = OTW;
				LastUpgradeCheck = 0510;
				ORGANIZATIONNAME = Cyrus;
				TargetAttributes = {
					5D72C1831927D9E200A6402A = {
						TestTargetID = 5D72C15F1927D9E200A6402A;
					};
				};
			};
			buildConfigurationList = 5D72C15B1927D9E200A6402A /* Build configuration list for PBXProject "Out of This World" */;
			compatibilityVersion = "Xcode 3.2";
			developmentRegion = English;
			hasScannedForEncodings = 0;
			knownRegions = (
				en,
				Base,
			);
			mainGroup = 5D72C1571927D9E200A6402A;
			productRefGroup = 5D72C1611927D9E200A6402A /* Products */;
			projectDirPath = "";
			projectRoot = "";
			targets = (
				5D72C15F1927D9E200A6402A /* Out of This World */,
				5D72C1831927D9E200A6402A /* Out of This WorldTests */,
			);
		};
/* End PBXProject section */

/* Begin PBXResourcesBuildPhase section */
		5D72C15E1927D9E200A6402A /* Resources */ = {
			isa = PBXResourcesBuildPhase;
			buildActionMask = 2147483647;
			files = (
				5D149249192DB98D0036FE5C /* uranus_photo.jpg in Resources */,
				5D72C17A1927D9E200A6402A /* Main_iPad.storyboard in Resources */,
				5D149241192DB9660036FE5C /* mercury-image.jpg in Resources */,
				5D72C17F1927D9E200A6402A /* Images.xcassets in Resources */,
				5D14924A192DB98D0036FE5C /* venus_magellan.jpg in Resources */,
				5D149245192DB97B0036FE5C /* Earth.png in Resources */,
				5D149240192DB9660036FE5C /* Jupiter core 2.jpg in Resources */,
				5D72C1771927D9E200A6402A /* Main_iPhone.storyboard in Resources */,
				5D149242192DB9660036FE5C /* neptune.jpg in Resources */,
				5D149243192DB9660036FE5C /* Pluto_Design-the-Planet.jpg in Resources */,
				5D72C16E1927D9E200A6402A /* InfoPlist.strings in Resources */,
				5D14924B192DB98D0036FE5C /* Water_ice_clouds_hanging_above_Tharsis_PIA02653_black_background.jpg in Resources */,
				5D14924D192DB9CE0036FE5C /* Saturn.jpg in Resources */,
			);
			runOnlyForDeploymentPostprocessing = 0;
		};
		5D72C1821927D9E200A6402A /* Resources */ = {
			isa = PBXResourcesBuildPhase;
			buildActionMask = 2147483647;
			files = (
				5D72C1901927D9E200A6402A /* InfoPlist.strings in Resources */,
			);
			runOnlyForDeploymentPostprocessing = 0;
		};
/* End PBXResourcesBuildPhase section */

/* Begin PBXSourcesBuildPhase section */
		5D72C15C1927D9E200A6402A /* Sources */ = {
			isa = PBXSourcesBuildPhase;
			buildActionMask = 2147483647;
			files = (
				5D72C19D1927DAB200A6402A /* OTWOuterSpaceViewController.m in Sources */,
				5D149250192DBA280036FE5C /* OTWObject.m in Sources */,
				5D72C1701927D9E200A6402A /* main.m in Sources */,
				5D72C1741927D9E200A6402A /* OTWAppDelegate.m in Sources */,
				5DE0E08E192B16460087EC14 /* AstronomicalData.m in Sources */,
			);
			runOnlyForDeploymentPostprocessing = 0;
		};
		5D72C1801927D9E200A6402A /* Sources */ = {
			isa = PBXSourcesBuildPhase;
			buildActionMask = 2147483647;
			files = (
				5D72C1921927D9E200A6402A /* Out_of_This_WorldTests.m in Sources */,
			);
			runOnlyForDeploymentPostprocessing = 0;
		};
/* End PBXSourcesBuildPhase section */

/* Begin PBXTargetDependency section */
		5D72C18A1927D9E200A6402A /* PBXTargetDependency */ = {
			isa = PBXTargetDependency;
			target = 5D72C15F1927D9E200A6402A /* Out of This World */;
			targetProxy = 5D72C1891927D9E200A6402A /* PBXContainerItemProxy */;
		};
/* End PBXTargetDependency section */

/* Begin PBXVariantGroup section */
		5D72C16C1927D9E200A6402A /* InfoPlist.strings */ = {
			isa = PBXVariantGroup;
			children = (
				5D72C16D1927D9E200A6402A /* en */,
			);
			name = InfoPlist.strings;
			sourceTree = "<group>";
		};
		5D72C1751927D9E200A6402A /* Main_iPhone.storyboard */ = {
			isa = PBXVariantGroup;
			children = (
				5D72C1761927D9E200A6402A /* Base */,
			);
			name = Main_iPhone.storyboard;
			sourceTree = "<group>";
		};
		5D72C1781927D9E200A6402A /* Main_iPad.storyboard */ = {
			isa = PBXVariantGroup;
			children = (
				5D72C1791927D9E200A6402A /* Base */,
			);
			name = Main_iPad.storyboard;
			sourceTree = "<group>";
		};
		5D72C18E1927D9E200A6402A /* InfoPlist.strings */ = {
			isa = PBXVariantGroup;
			children = (
				5D72C18F1927D9E200A6402A /* en */,
			);
			name = InfoPlist.strings;
			sourceTree = "<group>";
		};
/* End PBXVariantGroup section */

/* Begin XCBuildConfiguration section */
		5D72C1931927D9E200A6402A /* Debug */ = {
			isa = XCBuildConfiguration;
			buildSettings = {
				ALWAYS_SEARCH_USER_PATHS = NO;
				CLANG_CXX_LANGUAGE_STANDARD = "gnu++0x";
				CLANG_CXX_LIBRARY = "libc++";
				CLANG_ENABLE_MODULES = YES;
				CLANG_ENABLE_OBJC_ARC = YES;
				CLANG_WARN_BOOL_CONVERSION = YES;
				CLANG_WARN_CONSTANT_CONVERSION = YES;
				CLANG_WARN_DIRECT_OBJC_ISA_USAGE = YES_ERROR;
				CLANG_WARN_EMPTY_BODY = YES;
				CLANG_WARN_ENUM_CONVERSION = YES;
				CLANG_WARN_INT_CONVERSION = YES;
				CLANG_WARN_OBJC_ROOT_CLASS = YES_ERROR;
				CLANG_WARN__DUPLICATE_METHOD_MATCH = YES;
				"CODE_SIGN_IDENTITY[sdk=iphoneos*]" = "iPhone Developer";
				COPY_PHASE_STRIP = NO;
				GCC_C_LANGUAGE_STANDARD = gnu99;
				GCC_DYNAMIC_NO_PIC = NO;
				GCC_OPTIMIZATION_LEVEL = 0;
				GCC_PREPROCESSOR_DEFINITIONS = (
					"DEBUG=1",
					"$(inherited)",
				);
				GCC_SYMBOLS_PRIVATE_EXTERN = NO;
				GCC_WARN_64_TO_32_BIT_CONVERSION = YES;
				GCC_WARN_ABOUT_RETURN_TYPE = YES_ERROR;
				GCC_WARN_UNDECLARED_SELECTOR = YES;
				GCC_WARN_UNINITIALIZED_AUTOS = YES_AGGRESSIVE;
				GCC_WARN_UNUSED_FUNCTION = YES;
				GCC_WARN_UNUSED_VARIABLE = YES;
				IPHONEOS_DEPLOYMENT_TARGET = 7.1;
				ONLY_ACTIVE_ARCH = YES;
				SDKROOT = iphoneos;
				TARGETED_DEVICE_FAMILY = "1,2";
			};
			name = Debug;
		};
		5D72C1941927D9E200A6402A /* Release */ = {
			isa = XCBuildConfiguration;
			buildSettings = {
				ALWAYS_SEARCH_USER_PATHS = NO;
				CLANG_CXX_LANGUAGE_STANDARD = "gnu++0x";
				CLANG_CXX_LIBRARY = "libc++";
				CLANG_ENABLE_MODULES = YES;
				CLANG_ENABLE_OBJC_ARC = YES;
				CLANG_WARN_BOOL_CONVERSION = YES;
				CLANG_WARN_CONSTANT_CONVERSION = YES;
				CLANG_WARN_DIRECT_OBJC_ISA_USAGE = YES_ERROR;
				CLANG_WARN_EMPTY_BODY = YES;
				CLANG_WARN_ENUM_CONVERSION = YES;
				CLANG_WARN_INT_CONVERSION = YES;
				CLANG_WARN_OBJC_ROOT_CLASS = YES_ERROR;
				CLANG_WARN__DUPLICATE_METHOD_MATCH = YES;
				"CODE_SIGN_IDENTITY[sdk=iphoneos*]" = "iPhone Developer";
				COPY_PHASE_STRIP = YES;
				ENABLE_NS_ASSERTIONS = NO;
				GCC_C_LANGUAGE_STANDARD = gnu99;
				GCC_WARN_64_TO_32_BIT_CONVERSION = YES;
				GCC_WARN_ABOUT_RETURN_TYPE = YES_ERROR;
				GCC_WARN_UNDECLARED_SELECTOR = YES;
				GCC_WARN_UNINITIALIZED_AUTOS = YES_AGGRESSIVE;
				GCC_WARN_UNUSED_FUNCTION = YES;
				GCC_WARN_UNUSED_VARIABLE = YES;
				IPHONEOS_DEPLOYMENT_TARGET = 7.1;
				SDKROOT = iphoneos;
				TARGETED_DEVICE_FAMILY = "1,2";
				VALIDATE_PRODUCT = YES;
			};
			name = Release;
		};
		5D72C1961927D9E200A6402A /* Debug */ = {
			isa = XCBuildConfiguration;
			buildSettings = {
				ASSETCATALOG_COMPILER_APPICON_NAME = AppIcon;
				ASSETCATALOG_COMPILER_LAUNCHIMAGE_NAME = LaunchImage;
				GCC_PRECOMPILE_PREFIX_HEADER = YES;
				GCC_PREFIX_HEADER = "Out of This World/Out of This World-Prefix.pch";
				INFOPLIST_FILE = "Out of This World/Out of This World-Info.plist";
				PRODUCT_NAME = "$(TARGET_NAME)";
				WRAPPER_EXTENSION = app;
			};
			name = Debug;
		};
		5D72C1971927D9E200A6402A /* Release */ = {
			isa = XCBuildConfiguration;
			buildSettings = {
				ASSETCATALOG_COMPILER_APPICON_NAME = AppIcon;
				ASSETCATALOG_COMPILER_LAUNCHIMAGE_NAME = LaunchImage;
				GCC_PRECOMPILE_PREFIX_HEADER = YES;
				GCC_PREFIX_HEADER = "Out of This World/Out of This World-Prefix.pch";
				INFOPLIST_FILE = "Out of This World/Out of This World-Info.plist";
				PRODUCT_NAME = "$(TARGET_NAME)";
				WRAPPER_EXTENSION = app;
			};
			name = Release;
		};
		5D72C1991927D9E200A6402A /* Debug */ = {
			isa = XCBuildConfiguration;
			buildSettings = {
				BUNDLE_LOADER = "$(BUILT_PRODUCTS_DIR)/Out of This World.app/Out of This World";
				FRAMEWORK_SEARCH_PATHS = (
					"$(SDKROOT)/Developer/Library/Frameworks",
					"$(inherited)",
					"$(DEVELOPER_FRAMEWORKS_DIR)",
				);
				GCC_PRECOMPILE_PREFIX_HEADER = YES;
				GCC_PREFIX_HEADER = "Out of This World/Out of This World-Prefix.pch";
				GCC_PREPROCESSOR_DEFINITIONS = (
					"DEBUG=1",
					"$(inherited)",
				);
				INFOPLIST_FILE = "Out of This WorldTests/Out of This WorldTests-Info.plist";
				PRODUCT_NAME = "$(TARGET_NAME)";
				TEST_HOST = "$(BUNDLE_LOADER)";
				WRAPPER_EXTENSION = xctest;
			};
			name = Debug;
		};
		5D72C19A1927D9E200A6402A /* Release */ = {
			isa = XCBuildConfiguration;
			buildSettings = {
				BUNDLE_LOADER = "$(BUILT_PRODUCTS_DIR)/Out of This World.app/Out of This World";
				FRAMEWORK_SEARCH_PATHS = (
					"$(SDKROOT)/Developer/Library/Frameworks",
					"$(inherited)",
					"$(DEVELOPER_FRAMEWORKS_DIR)",
				);
				GCC_PRECOMPILE_PREFIX_HEADER = YES;
				GCC_PREFIX_HEADER = "Out of This World/Out of This World-Prefix.pch";
				INFOPLIST_FILE = "Out of This WorldTests/Out of This WorldTests-Info.plist";
				PRODUCT_NAME = "$(TARGET_NAME)";
				TEST_HOST = "$(BUNDLE_LOADER)";
				WRAPPER_EXTENSION = xctest;
			};
			name = Release;
		};
/* End XCBuildConfiguration section */

/* Begin XCConfigurationList section */
		5D72C15B1927D9E200A6402A /* Build configuration list for PBXProject "Out of This World" */ = {
			isa = XCConfigurationList;
			buildConfigurations = (
				5D72C1931927D9E200A6402A /* Debug */,
				5D72C1941927D9E200A6402A /* Release */,
			);
			defaultConfigurationIsVisible = 0;
			defaultConfigurationName = Release;
		};
		5D72C1951927D9E200A6402A /* Build configuration list for PBXNativeTarget "Out of This World" */ = {
			isa = XCConfigurationList;
			buildConfigurations = (
				5D72C1961927D9E200A6402A /* Debug */,
				5D72C1971927D9E200A6402A /* Release */,
			);
			defaultConfigurationIsVisible = 0;
			defaultConfigurationName = Release;
		};
		5D72C1981927D9E200A6402A /* Build configuration list for PBXNativeTarget "Out of This WorldTests" */ = {
			isa = XCConfigurationList;
			buildConfigurations = (
				5D72C1991927D9E200A6402A /* Debug */,
				5D72C19A1927D9E200A6402A /* Release */,
			);
			defaultConfigurationIsVisible = 0;
			defaultConfigurationName = Release;
		};
/* End XCConfigurationList section */
	};
	rootObject = 5D72C1581927D9E200A6402A /* Project object */;
}
